// !$*UTF8*$!
{
	archiveVersion = 1;
	classes = {
	};
	objectVersion = 50;
	objects = {

/* Begin PBXBuildFile section */
		80DCE357009C3E95119E0326 /* Pods_simpleBitcoinPrice.framework in Frameworks */ = {isa = PBXBuildFile; fileRef = 0E1D6A2121BD9A88688BEB43 /* Pods_simpleBitcoinPrice.framework */; };
		EF4F313721B227500085FAEF /* AppDelegate.swift in Sources */ = {isa = PBXBuildFile; fileRef = EF4F313621B227500085FAEF /* AppDelegate.swift */; };
		EF4F313921B227500085FAEF /* ViewController.swift in Sources */ = {isa = PBXBuildFile; fileRef = EF4F313821B227500085FAEF /* ViewController.swift */; };
		EF4F313C21B227500085FAEF /* Main.storyboard in Resources */ = {isa = PBXBuildFile; fileRef = EF4F313A21B227500085FAEF /* Main.storyboard */; };
		EF4F313E21B227510085FAEF /* Assets.xcassets in Resources */ = {isa = PBXBuildFile; fileRef = EF4F313D21B227510085FAEF /* Assets.xcassets */; };
		EF4F314121B227510085FAEF /* LaunchScreen.storyboard in Resources */ = {isa = PBXBuildFile; fileRef = EF4F313F21B227510085FAEF /* LaunchScreen.storyboard */; };
/* End PBXBuildFile section */

/* Begin PBXFileReference section */
		0E1D6A2121BD9A88688BEB43 /* Pods_simpleBitcoinPrice.framework */ = {isa = PBXFileReference; explicitFileType = wrapper.framework; includeInIndex = 0; path = Pods_simpleBitcoinPrice.framework; sourceTree = BUILT_PRODUCTS_DIR; };
		6EE55C870C303710FC57F82F /* Pods-simpleBitcoinPrice.release.xcconfig */ = {isa = PBXFileReference; includeInIndex = 1; lastKnownFileType = text.xcconfig; name = "Pods-simpleBitcoinPrice.release.xcconfig"; path = "Pods/Target Support Files/Pods-simpleBitcoinPrice/Pods-simpleBitcoinPrice.release.xcconfig"; sourceTree = "<group>"; };
		E3F2D95368D851E4F9445B2F /* Pods-simpleBitcoinPrice.debug.xcconfig */ = {isa = PBXFileReference; includeInIndex = 1; lastKnownFileType = text.xcconfig; name = "Pods-simpleBitcoinPrice.debug.xcconfig"; path = "Pods/Target Support Files/Pods-simpleBitcoinPrice/Pods-simpleBitcoinPrice.debug.xcconfig"; sourceTree = "<group>"; };
		EF4F313321B227500085FAEF /* simpleBitcoinPrice.app */ = {isa = PBXFileReference; explicitFileType = wrapper.application; includeInIndex = 0; path = simpleBitcoinPrice.app; sourceTree = BUILT_PRODUCTS_DIR; };
		EF4F313621B227500085FAEF /* AppDelegate.swift */ = {isa = PBXFileReference; lastKnownFileType = sourcecode.swift; path = AppDelegate.swift; sourceTree = "<group>"; };
		EF4F313821B227500085FAEF /* ViewController.swift */ = {isa = PBXFileReference; lastKnownFileType = sourcecode.swift; path = ViewController.swift; sourceTree = "<group>"; };
		EF4F313B21B227500085FAEF /* Base */ = {isa = PBXFileReference; lastKnownFileType = file.storyboard; name = Base; path = Base.lproj/Main.storyboard; sourceTree = "<group>"; };
		EF4F313D21B227510085FAEF /* Assets.xcassets */ = {isa = PBXFileReference; lastKnownFileType = folder.assetcatalog; path = Assets.xcassets; sourceTree = "<group>"; };
		EF4F314021B227510085FAEF /* Base */ = {isa = PBXFileReference; lastKnownFileType = file.storyboard; name = Base; path = Base.lproj/LaunchScreen.storyboard; sourceTree = "<group>"; };
		EF4F314221B227510085FAEF /* Info.plist */ = {isa = PBXFileReference; lastKnownFileType = text.plist.xml; path = Info.plist; sourceTree = "<group>"; };
/* End PBXFileReference section */

/* Begin PBXFrameworksBuildPhase section */
		EF4F313021B227500085FAEF /* Frameworks */ = {
			isa = PBXFrameworksBuildPhase;
			buildActionMask = 2147483647;
			files = (
				80DCE357009C3E95119E0326 /* Pods_simpleBitcoinPrice.framework in Frameworks */,
			);
			runOnlyForDeploymentPostprocessing = 0;
		};
/* End PBXFrameworksBuildPhase section */

/* Begin PBXGroup section */
		13AFBCE9708382700CAAEE6C /* Pods */ = {
			isa = PBXGroup;
			children = (
				E3F2D95368D851E4F9445B2F /* Pods-simpleBitcoinPrice.debug.xcconfig */,
				6EE55C870C303710FC57F82F /* Pods-simpleBitcoinPrice.release.xcconfig */,
			);
			name = Pods;
			sourceTree = "<group>";
		};
		EF4F312A21B227500085FAEF = {
			isa = PBXGroup;
			children = (
				EF4F313521B227500085FAEF /* simpleBitcoinPrice */,
				EF4F313421B227500085FAEF /* Products */,
				13AFBCE9708382700CAAEE6C /* Pods */,
				F4A1BC827BA902A53195E075 /* Frameworks */,
			);
			sourceTree = "<group>";
		};
		EF4F313421B227500085FAEF /* Products */ = {
			isa = PBXGroup;
			children = (
				EF4F313321B227500085FAEF /* simpleBitcoinPrice.app */,
			);
			name = Products;
			sourceTree = "<group>";
		};
		EF4F313521B227500085FAEF /* simpleBitcoinPrice */ = {
			isa = PBXGroup;
			children = (
				EF4F313621B227500085FAEF /* AppDelegate.swift */,
				EF4F313821B227500085FAEF /* ViewController.swift */,
				EF4F313A21B227500085FAEF /* Main.storyboard */,
				EF4F313D21B227510085FAEF /* Assets.xcassets */,
				EF4F313F21B227510085FAEF /* LaunchScreen.storyboard */,
				EF4F314221B227510085FAEF /* Info.plist */,
			);
			path = simpleBitcoinPrice;
			sourceTree = "<group>";
		};
		F4A1BC827BA902A53195E075 /* Frameworks */ = {
			isa = PBXGroup;
			children = (
				0E1D6A2121BD9A88688BEB43 /* Pods_simpleBitcoinPrice.framework */,
			);
			name = Frameworks;
			sourceTree = "<group>";
		};
/* End PBXGroup section */

/* Begin PBXNativeTarget section */
		EF4F313221B227500085FAEF /* simpleBitcoinPrice */ = {
			isa = PBXNativeTarget;
			buildConfigurationList = EF4F314521B227510085FAEF /* Build configuration list for PBXNativeTarget "simpleBitcoinPrice" */;
			buildPhases = (
				11B73FE80CEEB3E886482748 /* [CP] Check Pods Manifest.lock */,
				EF4F312F21B227500085FAEF /* Sources */,
				EF4F313021B227500085FAEF /* Frameworks */,
				EF4F313121B227500085FAEF /* Resources */,
				91C426F9725EDC113A814DE7 /* [CP] Embed Pods Frameworks */,
			);
			buildRules = (
			);
			dependencies = (
			);
			name = simpleBitcoinPrice;
			productName = simpleBitcoinPrice;
			productReference = EF4F313321B227500085FAEF /* simpleBitcoinPrice.app */;
			productType = "com.apple.product-type.application";
		};
/* End PBXNativeTarget section */

/* Begin PBXProject section */
		EF4F312B21B227500085FAEF /* Project object */ = {
			isa = PBXProject;
			attributes = {
				LastSwiftUpdateCheck = 1010;
				LastUpgradeCheck = 1010;
				ORGANIZATIONNAME = "Amarjit Singh";
				TargetAttributes = {
					EF4F313221B227500085FAEF = {
						CreatedOnToolsVersion = 10.1;
					};
				};
			};
			buildConfigurationList = EF4F312E21B227500085FAEF /* Build configuration list for PBXProject "simpleBitcoinPrice" */;
			compatibilityVersion = "Xcode 9.3";
			developmentRegion = en;
			hasScannedForEncodings = 0;
			knownRegions = (
				en,
				Base,
			);
			mainGroup = EF4F312A21B227500085FAEF;
			productRefGroup = EF4F313421B227500085FAEF /* Products */;
			projectDirPath = "";
			projectRoot = "";
			targets = (
				EF4F313221B227500085FAEF /* simpleBitcoinPrice */,
			);
		};
/* End PBXProject section */

/* Begin PBXResourcesBuildPhase section */
		EF4F313121B227500085FAEF /* Resources */ = {
			isa = PBXResourcesBuildPhase;
			buildActionMask = 2147483647;
			files = (
				EF4F314121B227510085FAEF /* LaunchScreen.storyboard in Resources */,
				EF4F313E21B227510085FAEF /* Assets.xcassets in Resources */,
				EF4F313C21B227500085FAEF /* Main.storyboard in Resources */,
			);
			runOnlyForDeploymentPostprocessing = 0;
		};
/* End PBXResourcesBuildPhase section */

/* Begin PBXShellScriptBuildPhase section */
		11B73FE80CEEB3E886482748 /* [CP] Check Pods Manifest.lock */ = {
			isa = PBXShellScriptBuildPhase;
			buildActionMask = 2147483647;
			files = (
			);
			inputFileListPaths = (
			);
			inputPaths = (
				"${PODS_PODFILE_DIR_PATH}/Podfile.lock",
				"${PODS_ROOT}/Manifest.lock",
			);
			name = "[CP] Check Pods Manifest.lock";
			outputFileListPaths = (
			);
			outputPaths = (
				"$(DERIVED_FILE_DIR)/Pods-simpleBitcoinPrice-checkManifestLockResult.txt",
			);
			runOnlyForDeploymentPostprocessing = 0;
			shellPath = /bin/sh;
			shellScript = "diff \"${PODS_PODFILE_DIR_PATH}/Podfile.lock\" \"${PODS_ROOT}/Manifest.lock\" > /dev/null\nif [ $? != 0 ] ; then\n    # print error to STDERR\n    echo \"error: The sandbox is not in sync with the Podfile.lock. Run 'pod install' or update your CocoaPods installation.\" >&2\n    exit 1\nfi\n# This output is used by Xcode 'outputs' to avoid re-running this script phase.\necho \"SUCCESS\" > \"${SCRIPT_OUTPUT_FILE_0}\"\n";
			showEnvVarsInLog = 0;
		};
		91C426F9725EDC113A814DE7 /* [CP] Embed Pods Frameworks */ = {
			isa = PBXShellScriptBuildPhase;
			buildActionMask = 2147483647;
			files = (
			);
			inputFileListPaths = (
			);
			inputPaths = (
				"${SRCROOT}/Pods/Target Support Files/Pods-simpleBitcoinPrice/Pods-simpleBitcoinPrice-frameworks.sh",
				"${BUILT_PRODUCTS_DIR}/Alamofire/Alamofire.framework",
				"${BUILT_PRODUCTS_DIR}/SwiftyJSON/SwiftyJSON.framework",
			);
			name = "[CP] Embed Pods Frameworks";
			outputFileListPaths = (
			);
			outputPaths = (
				"${TARGET_BUILD_DIR}/${FRAMEWORKS_FOLDER_PATH}/Alamofire.framework",
				"${TARGET_BUILD_DIR}/${FRAMEWORKS_FOLDER_PATH}/SwiftyJSON.framework",
			);
			runOnlyForDeploymentPostprocessing = 0;
			shellPath = /bin/sh;
			shellScript = "\"${SRCROOT}/Pods/Target Support Files/Pods-simpleBitcoinPrice/Pods-simpleBitcoinPrice-frameworks.sh\"\n";
			showEnvVarsInLog = 0;
		};
/* End PBXShellScriptBuildPhase section */

/* Begin PBXSourcesBuildPhase section */
		EF4F312F21B227500085FAEF /* Sources */ = {
			isa = PBXSourcesBuildPhase;
			buildActionMask = 2147483647;
			files = (
				EF4F313921B227500085FAEF /* ViewController.swift in Sources */,
				EF4F313721B227500085FAEF /* AppDelegate.swift in Sources */,
			);
			runOnlyForDeploymentPostprocessing = 0;
		};
/* End PBXSourcesBuildPhase section */

/* Begin PBXVariantGroup section */
		EF4F313A21B227500085FAEF /* Main.storyboard */ = {
			isa = PBXVariantGroup;
			children = (
				EF4F313B21B227500085FAEF /* Base */,
			);
			name = Main.storyboard;
			sourceTree = "<group>";
		};
		EF4F313F21B227510085FAEF /* LaunchScreen.storyboard */ = {
			isa = PBXVariantGroup;
			children = (
				EF4F314021B227510085FAEF /* Base */,
			);
			name = LaunchScreen.storyboard;
			sourceTree = "<group>";
		};
/* End PBXVariantGroup section */

/* Begin XCBuildConfiguration section */
		EF4F314321B227510085FAEF /* Debug */ = {
			isa = XCBuildConfiguration;
			buildSettings = {
				ALWAYS_SEARCH_USER_PATHS = NO;
				CLANG_ANALYZER_NONNULL = YES;
				CLANG_ANALYZER_NUMBER_OBJECT_CONVERSION = YES_AGGRESSIVE;
				CLANG_CXX_LANGUAGE_STANDARD = "gnu++14";
				CLANG_CXX_LIBRARY = "libc++";
				CLANG_ENABLE_MODULES = YES;
				CLANG_ENABLE_OBJC_ARC = YES;
				CLANG_ENABLE_OBJC_WEAK = YES;
				CLANG_WARN_BLOCK_CAPTURE_AUTORELEASING = YES;
				CLANG_WARN_BOOL_CONVERSION = YES;
				CLANG_WARN_COMMA = YES;
				CLANG_WARN_CONSTANT_CONVERSION = YES;
				CLANG_WARN_DEPRECATED_OBJC_IMPLEMENTATIONS = YES;
				CLANG_WARN_DIRECT_OBJC_ISA_USAGE = YES_ERROR;
				CLANG_WARN_DOCUMENTATION_COMMENTS = YES;
				CLANG_WARN_EMPTY_BODY = YES;
				CLANG_WARN_ENUM_CONVERSION = YES;
				CLANG_WARN_INFINITE_RECURSION = YES;
				CLANG_WARN_INT_CONVERSION = YES;
				CLANG_WARN_NON_LITERAL_NULL_CONVERSION = YES;
				CLANG_WARN_OBJC_IMPLICIT_RETAIN_SELF = YES;
				CLANG_WARN_OBJC_LITERAL_CONVERSION = YES;
				CLANG_WARN_OBJC_ROOT_CLASS = YES_ERROR;
				CLANG_WARN_RANGE_LOOP_ANALYSIS = YES;
				CLANG_WARN_STRICT_PROTOTYPES = YES;
				CLANG_WARN_SUSPICIOUS_MOVE = YES;
				CLANG_WARN_UNGUARDED_AVAILABILITY = YES_AGGRESSIVE;
				CLANG_WARN_UNREACHABLE_CODE = YES;
				CLANG_WARN__DUPLICATE_METHOD_MATCH = YES;
				CODE_SIGN_IDENTITY = "iPhone Developer";
				COPY_PHASE_STRIP = NO;
				DEBUG_INFORMATION_FORMAT = dwarf;
				ENABLE_STRICT_OBJC_MSGSEND = YES;
				ENABLE_TESTABILITY = YES;
				GCC_C_LANGUAGE_STANDARD = gnu11;
				GCC_DYNAMIC_NO_PIC = NO;
				GCC_NO_COMMON_BLOCKS = YES;
				GCC_OPTIMIZATION_LEVEL = 0;
				GCC_PREPROCESSOR_DEFINITIONS = (
					"DEBUG=1",
					"$(inherited)",
				);
				GCC_WARN_64_TO_32_BIT_CONVERSION = YES;
				GCC_WARN_ABOUT_RETURN_TYPE = YES_ERROR;
				GCC_WARN_UNDECLARED_SELECTOR = YES;
				GCC_WARN_UNINITIALIZED_AUTOS = YES_AGGRESSIVE;
				GCC_WARN_UNUSED_FUNCTION = YES;
				GCC_WARN_UNUSED_VARIABLE = YES;
				IPHONEOS_DEPLOYMENT_TARGET = 12.1;
				MTL_ENABLE_DEBUG_INFO = INCLUDE_SOURCE;
				MTL_FAST_MATH = YES;
				ONLY_ACTIVE_ARCH = YES;
				SDKROOT = iphoneos;
				SWIFT_ACTIVE_COMPILATION_CONDITIONS = DEBUG;
				SWIFT_OPTIMIZATION_LEVEL = "-Onone";
			};
			name = Debug;
		};
		EF4F314421B227510085FAEF /* Release */ = {
			isa = XCBuildConfiguration;
			buildSettings = {
				ALWAYS_SEARCH_USER_PATHS = NO;
				CLANG_ANALYZER_NONNULL = YES;
				CLANG_ANALYZER_NUMBER_OBJECT_CONVERSION = YES_AGGRESSIVE;
				CLANG_CXX_LANGUAGE_STANDARD = "gnu++14";
				CLANG_CXX_LIBRARY = "libc++";
				CLANG_ENABLE_MODULES = YES;
				CLANG_ENABLE_OBJC_ARC = YES;
				CLANG_ENABLE_OBJC_WEAK = YES;
				CLANG_WARN_BLOCK_CAPTURE_AUTORELEASING = YES;
				CLANG_WARN_BOOL_CONVERSION = YES;
				CLANG_WARN_COMMA = YES;
				CLANG_WARN_CONSTANT_CONVERSION = YES;
				CLANG_WARN_DEPRECATED_OBJC_IMPLEMENTATIONS = YES;
				CLANG_WARN_DIRECT_OBJC_ISA_USAGE = YES_ERROR;
				CLANG_WARN_DOCUMENTATION_COMMENTS = YES;
				CLANG_WARN_EMPTY_BODY = YES;
				CLANG_WARN_ENUM_CONVERSION = YES;
				CLANG_WARN_INFINITE_RECURSION = YES;
				CLANG_WARN_INT_CONVERSION = YES;
				CLANG_WARN_NON_LITERAL_NULL_CONVERSION = YES;
				CLANG_WARN_OBJC_IMPLICIT_RETAIN_SELF = YES;
				CLANG_WARN_OBJC_LITERAL_CONVERSION = YES;
				CLANG_WARN_OBJC_ROOT_CLASS = YES_ERROR;
				CLANG_WARN_RANGE_LOOP_ANALYSIS = YES;
				CLANG_WARN_STRICT_PROTOTYPES = YES;
				CLANG_WARN_SUSPICIOUS_MOVE = YES;
				CLANG_WARN_UNGUARDED_AVAILABILITY = YES_AGGRESSIVE;
				CLANG_WARN_UNREACHABLE_CODE = YES;
				CLANG_WARN__DUPLICATE_METHOD_MATCH = YES;
				CODE_SIGN_IDENTITY = "iPhone Developer";
				COPY_PHASE_STRIP = NO;
				DEBUG_INFORMATION_FORMAT = "dwarf-with-dsym";
				ENABLE_NS_ASSERTIONS = NO;
				ENABLE_STRICT_OBJC_MSGSEND = YES;
				GCC_C_LANGUAGE_STANDARD = gnu11;
				GCC_NO_COMMON_BLOCKS = YES;
				GCC_WARN_64_TO_32_BIT_CONVERSION = YES;
				GCC_WARN_ABOUT_RETURN_TYPE = YES_ERROR;
				GCC_WARN_UNDECLARED_SELECTOR = YES;
				GCC_WARN_UNINITIALIZED_AUTOS = YES_AGGRESSIVE;
				GCC_WARN_UNUSED_FUNCTION = YES;
				GCC_WARN_UNUSED_VARIABLE = YES;
				IPHONEOS_DEPLOYMENT_TARGET = 12.1;
				MTL_ENABLE_DEBUG_INFO = NO;
				MTL_FAST_MATH = YES;
				SDKROOT = iphoneos;
				SWIFT_COMPILATION_MODE = wholemodule;
				SWIFT_OPTIMIZATION_LEVEL = "-O";
				VALIDATE_PRODUCT = YES;
			};
			name = Release;
		};
		EF4F314621B227510085FAEF /* Debug */ = {
			isa = XCBuildConfiguration;
			baseConfigurationReference = E3F2D95368D851E4F9445B2F /* Pods-simpleBitcoinPrice.debug.xcconfig */;
			buildSettings = {
				ASSETCATALOG_COMPILER_APPICON_NAME = AppIcon;
				CODE_SIGN_STYLE = Automatic;
				DEVELOPMENT_TEAM = D6S259NNYZ;
				INFOPLIST_FILE = simpleBitcoinPrice/Info.plist;
				LD_RUNPATH_SEARCH_PATHS = (
					"$(inherited)",
					"@executable_path/Frameworks",
				);
				PRODUCT_BUNDLE_IDENTIFIER = com.bsinghamarjit.simpleBitcoinPrice;
				PRODUCT_NAME = "$(TARGET_NAME)";
				SWIFT_VERSION = 4.2;
				TARGETED_DEVICE_FAMILY = "1,2";
			};
			name = Debug;
		};
		EF4F314721B227510085FAEF /* Release */ = {
			isa = XCBuildConfiguration;
			baseConfigurationReference = 6EE55C870C303710FC57F82F /* Pods-simpleBitcoinPrice.release.xcconfig */;
			buildSettings = {
				ASSETCATALOG_COMPILER_APPICON_NAME = AppIcon;
				CODE_SIGN_STYLE = Automatic;
				DEVELOPMENT_TEAM = D6S259NNYZ;
				INFOPLIST_FILE = simpleBitcoinPrice/Info.plist;
				LD_RUNPATH_SEARCH_PATHS = (
					"$(inherited)",
					"@executable_path/Frameworks",
				);
				PRODUCT_BUNDLE_IDENTIFIER = com.bsinghamarjit.simpleBitcoinPrice;
				PRODUCT_NAME = "$(TARGET_NAME)";
				SWIFT_VERSION = 4.2;
				TARGETED_DEVICE_FAMILY = "1,2";
			};
			name = Release;
		};
/* End XCBuildConfiguration section */

/* Begin XCConfigurationList section */
		EF4F312E21B227500085FAEF /* Build configuration list for PBXProject "simpleBitcoinPrice" */ = {
			isa = XCConfigurationList;
			buildConfigurations = (
				EF4F314321B227510085FAEF /* Debug */,
				EF4F314421B227510085FAEF /* Release */,
			);
			defaultConfigurationIsVisible = 0;
			defaultConfigurationName = Release;
		};
		EF4F314521B227510085FAEF /* Build configuration list for PBXNativeTarget "simpleBitcoinPrice" */ = {
			isa = XCConfigurationList;
			buildConfigurations = (
				EF4F314621B227510085FAEF /* Debug */,
				EF4F314721B227510085FAEF /* Release */,
			);
			defaultConfigurationIsVisible = 0;
			defaultConfigurationName = Release;
		};
/* End XCConfigurationList section */
	};
	rootObject = EF4F312B21B227500085FAEF /* Project object */;
}
